
Microsoft Visual Studio Solution File, Format Version 12.00
Project("{2150E333-8FDC-42A3-9474-1A3956D46DE8}") = "src", "src", "{3194EF49-D59E-438E-BD68-04FA6CC570E7}"
EndProject
Project("{FAE04EC0-301F-11D3-BF4B-00C04F79EFBC}") = "FASTER.libdpr", "src\FASTER.libdpr\FASTER.libdpr.csproj", "{3CE274C4-1764-4A26-BEED-234B2698B614}"
EndProject
Project("{2150E333-8FDC-42A3-9474-1A3956D46DE8}") = "test", "test", "{0E3DF871-4507-4F77-9AEC-DB3924388974}"
EndProject
Project("{FAE04EC0-301F-11D3-BF4B-00C04F79EFBC}") = "FASTER.libdpr.test", "test\FASTER.libdpr.test\FASTER.libdpr.test.csproj", "{CE867101-9A33-446D-A1E0-D343C05B31F5}"
EndProject
Project("{2150E333-8FDC-42A3-9474-1A3956D46DE8}") = "samples", "samples", "{CFC64B98-262D-4A37-ABE4-8FC87D48971C}"
EndProject
Project("{FAE04EC0-301F-11D3-BF4B-00C04F79EFBC}") = "DprCounters", "samples\DprCounters\DprCounters\DprCounters.csproj", "{80D1055D-3BBC-4337-B6C5-15FC4C3609C3}"
EndProject
Project("{2150E333-8FDC-42A3-9474-1A3956D46DE8}") = "benchmark", "benchmark", "{2C2EFBF0-93FC-4636-A10C-291B0A95E332}"
EndProject
Project("{FAE04EC0-301F-11D3-BF4B-00C04F79EFBC}") = "FASTER.benchmark.dprfinder", "benchmark\dprfinder\FASTER.benchmark.dprfinder\FASTER.benchmark.dprfinder.csproj", "{A2A038AD-514D-48A8-B65C-A9F1A1064A2F}"
EndProject
Project("{FAE04EC0-301F-11D3-BF4B-00C04F79EFBC}") = "FASTER.core", "..\src\core\FASTER.core.csproj", "{A8F04969-E639-4E9C-BB70-0FE9B42E2CDA}"
EndProject
Global
	GlobalSection(SolutionConfigurationPlatforms) = preSolution
		Debug|Any CPU = Debug|Any CPU
		Release|Any CPU = Release|Any CPU
	EndGlobalSection
	GlobalSection(ProjectConfigurationPlatforms) = postSolution
		{3CE274C4-1764-4A26-BEED-234B2698B614}.Release|Any CPU.ActiveCfg = Release|Any CPU
		{3CE274C4-1764-4A26-BEED-234B2698B614}.Release|Any CPU.Build.0 = Release|Any CPU
		{3CE274C4-1764-4A26-BEED-234B2698B614}.Debug|Any CPU.ActiveCfg = Debug|Any CPU
		{3CE274C4-1764-4A26-BEED-234B2698B614}.Debug|Any CPU.Build.0 = Debug|Any CPU
		{CE867101-9A33-446D-A1E0-D343C05B31F5}.Debug|Any CPU.ActiveCfg = Debug|Any CPU
		{CE867101-9A33-446D-A1E0-D343C05B31F5}.Debug|Any CPU.Build.0 = Debug|Any CPU
		{CE867101-9A33-446D-A1E0-D343C05B31F5}.Release|Any CPU.ActiveCfg = Release|Any CPU
		{CE867101-9A33-446D-A1E0-D343C05B31F5}.Release|Any CPU.Build.0 = Release|Any CPU
		{80D1055D-3BBC-4337-B6C5-15FC4C3609C3}.Debug|Any CPU.ActiveCfg = Debug|Any CPU
		{80D1055D-3BBC-4337-B6C5-15FC4C3609C3}.Debug|Any CPU.Build.0 = Debug|Any CPU
		{80D1055D-3BBC-4337-B6C5-15FC4C3609C3}.Release|Any CPU.ActiveCfg = Release|Any CPU
		{80D1055D-3BBC-4337-B6C5-15FC4C3609C3}.Release|Any CPU.Build.0 = Release|Any CPU
		{A2A038AD-514D-48A8-B65C-A9F1A1064A2F}.Debug|Any CPU.ActiveCfg = Debug|Any CPU
		{A2A038AD-514D-48A8-B65C-A9F1A1064A2F}.Debug|Any CPU.Build.0 = Debug|Any CPU
		{A2A038AD-514D-48A8-B65C-A9F1A1064A2F}.Release|Any CPU.ActiveCfg = Release|Any CPU
		{A2A038AD-514D-48A8-B65C-A9F1A1064A2F}.Release|Any CPU.Build.0 = Release|Any CPU
		{A8F04969-E639-4E9C-BB70-0FE9B42E2CDA}.Debug|Any CPU.ActiveCfg = Debug|Any CPU
		{A8F04969-E639-4E9C-BB70-0FE9B42E2CDA}.Debug|Any CPU.Build.0 = Debug|Any CPU
		{A8F04969-E639-4E9C-BB70-0FE9B42E2CDA}.Release|Any CPU.ActiveCfg = Release|Any CPU
		{A8F04969-E639-4E9C-BB70-0FE9B42E2CDA}.Release|Any CPU.Build.0 = Release|Any CPU
	EndGlobalSection
	GlobalSection(NestedProjects) = preSolution
		{3CE274C4-1764-4A26-BEED-234B2698B614} = {3194EF49-D59E-438E-BD68-04FA6CC570E7}
		{CE867101-9A33-446D-A1E0-D343C05B31F5} = {0E3DF871-4507-4F77-9AEC-DB3924388974}
		{80D1055D-3BBC-4337-B6C5-15FC4C3609C3} = {CFC64B98-262D-4A37-ABE4-8FC87D48971C}
		{A2A038AD-514D-48A8-B65C-A9F1A1064A2F} = {2C2EFBF0-93FC-4636-A10C-291B0A95E332}
		{A8F04969-E639-4E9C-BB70-0FE9B42E2CDA} = {3194EF49-D59E-438E-BD68-04FA6CC570E7}
	EndGlobalSection
EndGlobal
