
Microsoft Visual Studio Solution File, Format Version 12.00
Project("{2150E333-8FDC-42A3-9474-1A3956D46DE8}") = "src", "src", "{3194EF49-D59E-438E-BD68-04FA6CC570E7}"
EndProject
Project("{FAE04EC0-301F-11D3-BF4B-00C04F79EFBC}") = "FASTER.libdpr", "src\FASTER.libdpr\FASTER.libdpr.csproj", "{3CE274C4-1764-4A26-BEED-234B2698B614}"
EndProject
Project("{2150E333-8FDC-42A3-9474-1A3956D46DE8}") = "samples", "samples", "{79FE592F-5E3A-4AF4-968B-E9F0923DEE47}"
EndProject
Project("{FAE04EC0-301F-11D3-BF4B-00C04F79EFBC}") = "dpredis", "samples\dpredis\dpredis\dpredis.csproj", "{BFDF0C2B-B8DD-446D-B7EF-0D2291F1D017}"
EndProject
Global
	GlobalSection(SolutionConfigurationPlatforms) = preSolution
		Debug|Any CPU = Debug|Any CPU
		Release|Any CPU = Release|Any CPU
	EndGlobalSection
	GlobalSection(ProjectConfigurationPlatforms) = postSolution
		{3CE274C4-1764-4A26-BEED-234B2698B614}.Debug|Any CPU.ActiveCfg = Release|Any CPU
		{3CE274C4-1764-4A26-BEED-234B2698B614}.Debug|Any CPU.Build.0 = Release|Any CPU
		{3CE274C4-1764-4A26-BEED-234B2698B614}.Release|Any CPU.ActiveCfg = Release|Any CPU
		{3CE274C4-1764-4A26-BEED-234B2698B614}.Release|Any CPU.Build.0 = Release|Any CPU
		{BFDF0C2B-B8DD-446D-B7EF-0D2291F1D017}.Debug|Any CPU.ActiveCfg = Debug|Any CPU
		{BFDF0C2B-B8DD-446D-B7EF-0D2291F1D017}.Debug|Any CPU.Build.0 = Debug|Any CPU
		{BFDF0C2B-B8DD-446D-B7EF-0D2291F1D017}.Release|Any CPU.ActiveCfg = Release|Any CPU
		{BFDF0C2B-B8DD-446D-B7EF-0D2291F1D017}.Release|Any CPU.Build.0 = Release|Any CPU
	EndGlobalSection
	GlobalSection(NestedProjects) = preSolution
		{3CE274C4-1764-4A26-BEED-234B2698B614} = {3194EF49-D59E-438E-BD68-04FA6CC570E7}
		{BFDF0C2B-B8DD-446D-B7EF-0D2291F1D017} = {79FE592F-5E3A-4AF4-968B-E9F0923DEE47}
	EndGlobalSection
EndGlobal
