
Microsoft Visual Studio Solution File, Format Version 12.00
# Visual Studio 15
VisualStudioVersion = 15.0.27004.2008
MinimumVisualStudioVersion = 10.0.40219.1
Project("{9A19103F-16F7-4668-BE54-9A1E7A4F7556}") = "FASTER.benchmark", "benchmark\FASTER.benchmark.csproj", "{33A732D1-2B58-4FEE-9696-B9483496229F}"
EndProject
Project("{FAE04EC0-301F-11D3-BF4B-00C04F79EFBC}") = "FASTER.test", "test\FASTER.test.csproj", "{0DC7F5A2-E963-4E7F-BD37-6F7864B726F2}"
EndProject
Project("{2150E333-8FDC-42A3-9474-1A3956D46DE8}") = "playground", "playground", "{E6026D6A-01C5-4582-B2C1-64751490DABE}"
EndProject
Project("{9A19103F-16F7-4668-BE54-9A1E7A4F7556}") = "ManagedSample1", "playground\ManagedSample1\ManagedSample1.csproj", "{17BDD0A5-98E5-464A-8A00-050D9FF4C562}"
EndProject
Project("{2150E333-8FDC-42A3-9474-1A3956D46DE8}") = "benchmark", "benchmark", "{CA6AB459-A31A-4C15-B1A6-A82C349B54B4}"
EndProject
Project("{2150E333-8FDC-42A3-9474-1A3956D46DE8}") = "test", "test", "{81B3B5D1-70F6-4979-AC76-003F9A6B316B}"
EndProject
Project("{9A19103F-16F7-4668-BE54-9A1E7A4F7556}") = "ManagedSample2", "playground\ManagedSample2\ManagedSample2.csproj", "{7DB87633-9CAB-4AE4-9ED0-AA6E77448486}"
EndProject
Project("{9A19103F-16F7-4668-BE54-9A1E7A4F7556}") = "ManagedSample3", "playground\ManagedSample3\ManagedSample3.csproj", "{3E571C7C-59B5-485C-AC78-3F34D3511CD2}"
EndProject
Project("{FAE04EC0-301F-11D3-BF4B-00C04F79EFBC}") = "SumStore", "playground\SumStore\SumStore.csproj", "{05D61B37-9714-4234-9961-384A63F7175E}"
EndProject
Project("{9A19103F-16F7-4668-BE54-9A1E7A4F7556}") = "ManagedSample4", "playground\ManagedSample4\ManagedSample4.csproj", "{E1AC9797-ABE3-4881-A51B-37D8687AAE35}"
EndProject
Project("{9A19103F-16F7-4668-BE54-9A1E7A4F7556}") = "ClassCache", "playground\ClassCache\ClassCache.csproj", "{10FD4868-BB16-442B-B0AC-18AE278D9C60}"
EndProject
Project("{9A19103F-16F7-4668-BE54-9A1E7A4F7556}") = "NestedTypesTest", "playground\NestedTypesTest\NestedTypesTest.csproj", "{2D5F23F7-3184-43EC-A7F1-C924F7FEF786}"
EndProject
Project("{2150E333-8FDC-42A3-9474-1A3956D46DE8}") = "src", "src", "{28800357-C8CE-4CD0-A2AD-D4A910ABB496}"
EndProject
Project("{2150E333-8FDC-42A3-9474-1A3956D46DE8}") = "core", "core", "{9531E3D2-217B-4446-98E8-E48F0FDD1452}"
EndProject
Project("{9A19103F-16F7-4668-BE54-9A1E7A4F7556}") = "FASTER.core", "src\core\FASTER.core.csproj", "{F947BC6A-2943-4AC7-ACA7-F17351E25FE7}"
EndProject
Project("{9A19103F-16F7-4668-BE54-9A1E7A4F7556}") = "ManagedSampleCore", "playground\ManagedSampleCore\ManagedSampleCore.csproj", "{C9391533-1F31-47F6-BE08-9642C95401A8}"
EndProject
Global
	GlobalSection(SolutionConfigurationPlatforms) = preSolution
		Debug|Any CPU = Debug|Any CPU
		Debug|x64 = Debug|x64
		Release|Any CPU = Release|Any CPU
		Release|x64 = Release|x64
	EndGlobalSection
	GlobalSection(ProjectConfigurationPlatforms) = postSolution
		{33A732D1-2B58-4FEE-9696-B9483496229F}.Debug|Any CPU.ActiveCfg = Debug|x64
		{33A732D1-2B58-4FEE-9696-B9483496229F}.Debug|Any CPU.Build.0 = Debug|x64
		{33A732D1-2B58-4FEE-9696-B9483496229F}.Debug|x64.ActiveCfg = Debug|x64
		{33A732D1-2B58-4FEE-9696-B9483496229F}.Debug|x64.Build.0 = Debug|x64
		{33A732D1-2B58-4FEE-9696-B9483496229F}.Release|Any CPU.ActiveCfg = Release|x64
		{33A732D1-2B58-4FEE-9696-B9483496229F}.Release|Any CPU.Build.0 = Release|x64
		{33A732D1-2B58-4FEE-9696-B9483496229F}.Release|x64.ActiveCfg = Release|x64
		{33A732D1-2B58-4FEE-9696-B9483496229F}.Release|x64.Build.0 = Release|x64
		{0DC7F5A2-E963-4E7F-BD37-6F7864B726F2}.Debug|Any CPU.ActiveCfg = Debug|Any CPU
		{0DC7F5A2-E963-4E7F-BD37-6F7864B726F2}.Debug|Any CPU.Build.0 = Debug|Any CPU
		{0DC7F5A2-E963-4E7F-BD37-6F7864B726F2}.Debug|x64.ActiveCfg = Debug|x64
		{0DC7F5A2-E963-4E7F-BD37-6F7864B726F2}.Debug|x64.Build.0 = Debug|x64
		{0DC7F5A2-E963-4E7F-BD37-6F7864B726F2}.Release|Any CPU.ActiveCfg = Release|Any CPU
		{0DC7F5A2-E963-4E7F-BD37-6F7864B726F2}.Release|Any CPU.Build.0 = Release|Any CPU
		{0DC7F5A2-E963-4E7F-BD37-6F7864B726F2}.Release|x64.ActiveCfg = Release|x64
		{0DC7F5A2-E963-4E7F-BD37-6F7864B726F2}.Release|x64.Build.0 = Release|x64
		{17BDD0A5-98E5-464A-8A00-050D9FF4C562}.Debug|Any CPU.ActiveCfg = Debug|x64
		{17BDD0A5-98E5-464A-8A00-050D9FF4C562}.Debug|Any CPU.Build.0 = Debug|x64
		{17BDD0A5-98E5-464A-8A00-050D9FF4C562}.Debug|x64.ActiveCfg = Debug|x64
		{17BDD0A5-98E5-464A-8A00-050D9FF4C562}.Debug|x64.Build.0 = Debug|x64
		{17BDD0A5-98E5-464A-8A00-050D9FF4C562}.Release|Any CPU.ActiveCfg = Release|x64
		{17BDD0A5-98E5-464A-8A00-050D9FF4C562}.Release|Any CPU.Build.0 = Release|x64
		{17BDD0A5-98E5-464A-8A00-050D9FF4C562}.Release|x64.ActiveCfg = Release|x64
		{17BDD0A5-98E5-464A-8A00-050D9FF4C562}.Release|x64.Build.0 = Release|x64
		{7DB87633-9CAB-4AE4-9ED0-AA6E77448486}.Debug|Any CPU.ActiveCfg = Debug|x64
		{7DB87633-9CAB-4AE4-9ED0-AA6E77448486}.Debug|Any CPU.Build.0 = Debug|x64
		{7DB87633-9CAB-4AE4-9ED0-AA6E77448486}.Debug|x64.ActiveCfg = Debug|x64
		{7DB87633-9CAB-4AE4-9ED0-AA6E77448486}.Debug|x64.Build.0 = Debug|x64
		{7DB87633-9CAB-4AE4-9ED0-AA6E77448486}.Release|Any CPU.ActiveCfg = Release|x64
		{7DB87633-9CAB-4AE4-9ED0-AA6E77448486}.Release|Any CPU.Build.0 = Release|x64
		{7DB87633-9CAB-4AE4-9ED0-AA6E77448486}.Release|x64.ActiveCfg = Release|x64
		{7DB87633-9CAB-4AE4-9ED0-AA6E77448486}.Release|x64.Build.0 = Release|x64
		{3E571C7C-59B5-485C-AC78-3F34D3511CD2}.Debug|Any CPU.ActiveCfg = Debug|x64
		{3E571C7C-59B5-485C-AC78-3F34D3511CD2}.Debug|Any CPU.Build.0 = Debug|x64
		{3E571C7C-59B5-485C-AC78-3F34D3511CD2}.Debug|x64.ActiveCfg = Debug|x64
		{3E571C7C-59B5-485C-AC78-3F34D3511CD2}.Debug|x64.Build.0 = Debug|x64
		{3E571C7C-59B5-485C-AC78-3F34D3511CD2}.Release|Any CPU.ActiveCfg = Release|x64
		{3E571C7C-59B5-485C-AC78-3F34D3511CD2}.Release|Any CPU.Build.0 = Release|x64
		{3E571C7C-59B5-485C-AC78-3F34D3511CD2}.Release|x64.ActiveCfg = Release|x64
		{3E571C7C-59B5-485C-AC78-3F34D3511CD2}.Release|x64.Build.0 = Release|x64
		{05D61B37-9714-4234-9961-384A63F7175E}.Debug|Any CPU.ActiveCfg = Debug|x64
		{05D61B37-9714-4234-9961-384A63F7175E}.Debug|Any CPU.Build.0 = Debug|x64
		{05D61B37-9714-4234-9961-384A63F7175E}.Debug|x64.ActiveCfg = Debug|x64
		{05D61B37-9714-4234-9961-384A63F7175E}.Debug|x64.Build.0 = Debug|x64
		{05D61B37-9714-4234-9961-384A63F7175E}.Release|Any CPU.ActiveCfg = Release|x64
		{05D61B37-9714-4234-9961-384A63F7175E}.Release|Any CPU.Build.0 = Release|x64
		{05D61B37-9714-4234-9961-384A63F7175E}.Release|x64.ActiveCfg = Release|x64
		{05D61B37-9714-4234-9961-384A63F7175E}.Release|x64.Build.0 = Release|x64
		{E1AC9797-ABE3-4881-A51B-37D8687AAE35}.Debug|Any CPU.ActiveCfg = Debug|x64
		{E1AC9797-ABE3-4881-A51B-37D8687AAE35}.Debug|Any CPU.Build.0 = Debug|x64
		{E1AC9797-ABE3-4881-A51B-37D8687AAE35}.Debug|x64.ActiveCfg = Debug|x64
		{E1AC9797-ABE3-4881-A51B-37D8687AAE35}.Debug|x64.Build.0 = Debug|x64
		{E1AC9797-ABE3-4881-A51B-37D8687AAE35}.Release|Any CPU.ActiveCfg = Release|x64
		{E1AC9797-ABE3-4881-A51B-37D8687AAE35}.Release|Any CPU.Build.0 = Release|x64
		{E1AC9797-ABE3-4881-A51B-37D8687AAE35}.Release|x64.ActiveCfg = Release|x64
		{E1AC9797-ABE3-4881-A51B-37D8687AAE35}.Release|x64.Build.0 = Release|x64
		{10FD4868-BB16-442B-B0AC-18AE278D9C60}.Debug|Any CPU.ActiveCfg = Debug|x64
		{10FD4868-BB16-442B-B0AC-18AE278D9C60}.Debug|Any CPU.Build.0 = Debug|x64
		{10FD4868-BB16-442B-B0AC-18AE278D9C60}.Debug|x64.ActiveCfg = Debug|x64
		{10FD4868-BB16-442B-B0AC-18AE278D9C60}.Debug|x64.Build.0 = Debug|x64
		{10FD4868-BB16-442B-B0AC-18AE278D9C60}.Release|Any CPU.ActiveCfg = Release|x64
		{10FD4868-BB16-442B-B0AC-18AE278D9C60}.Release|Any CPU.Build.0 = Release|x64
		{10FD4868-BB16-442B-B0AC-18AE278D9C60}.Release|x64.ActiveCfg = Release|x64
		{10FD4868-BB16-442B-B0AC-18AE278D9C60}.Release|x64.Build.0 = Release|x64
		{2D5F23F7-3184-43EC-A7F1-C924F7FEF786}.Debug|Any CPU.ActiveCfg = Debug|x64
		{2D5F23F7-3184-43EC-A7F1-C924F7FEF786}.Debug|Any CPU.Build.0 = Debug|x64
		{2D5F23F7-3184-43EC-A7F1-C924F7FEF786}.Debug|x64.ActiveCfg = Debug|x64
		{2D5F23F7-3184-43EC-A7F1-C924F7FEF786}.Debug|x64.Build.0 = Debug|x64
		{2D5F23F7-3184-43EC-A7F1-C924F7FEF786}.Release|Any CPU.ActiveCfg = Release|x64
		{2D5F23F7-3184-43EC-A7F1-C924F7FEF786}.Release|Any CPU.Build.0 = Release|x64
		{2D5F23F7-3184-43EC-A7F1-C924F7FEF786}.Release|x64.ActiveCfg = Release|x64
		{2D5F23F7-3184-43EC-A7F1-C924F7FEF786}.Release|x64.Build.0 = Release|x64
		{F947BC6A-2943-4AC7-ACA7-F17351E25FE7}.Debug|Any CPU.ActiveCfg = Debug|Any CPU
		{F947BC6A-2943-4AC7-ACA7-F17351E25FE7}.Debug|Any CPU.Build.0 = Debug|Any CPU
		{F947BC6A-2943-4AC7-ACA7-F17351E25FE7}.Debug|x64.ActiveCfg = Debug|x64
		{F947BC6A-2943-4AC7-ACA7-F17351E25FE7}.Debug|x64.Build.0 = Debug|x64
		{F947BC6A-2943-4AC7-ACA7-F17351E25FE7}.Release|Any CPU.ActiveCfg = Release|Any CPU
		{F947BC6A-2943-4AC7-ACA7-F17351E25FE7}.Release|Any CPU.Build.0 = Release|Any CPU
		{F947BC6A-2943-4AC7-ACA7-F17351E25FE7}.Release|x64.ActiveCfg = Release|x64
		{F947BC6A-2943-4AC7-ACA7-F17351E25FE7}.Release|x64.Build.0 = Release|x64
		{C9391533-1F31-47F6-BE08-9642C95401A8}.Debug|Any CPU.ActiveCfg = Debug|x64
		{C9391533-1F31-47F6-BE08-9642C95401A8}.Debug|Any CPU.Build.0 = Debug|x64
		{C9391533-1F31-47F6-BE08-9642C95401A8}.Debug|x64.ActiveCfg = Debug|x64
		{C9391533-1F31-47F6-BE08-9642C95401A8}.Debug|x64.Build.0 = Debug|x64
		{C9391533-1F31-47F6-BE08-9642C95401A8}.Release|Any CPU.ActiveCfg = Release|x64
		{C9391533-1F31-47F6-BE08-9642C95401A8}.Release|Any CPU.Build.0 = Release|x64
		{C9391533-1F31-47F6-BE08-9642C95401A8}.Release|x64.ActiveCfg = Release|x64
		{C9391533-1F31-47F6-BE08-9642C95401A8}.Release|x64.Build.0 = Release|x64
	EndGlobalSection
	GlobalSection(SolutionProperties) = preSolution
		HideSolutionNode = FALSE
	EndGlobalSection
	GlobalSection(NestedProjects) = preSolution
		{33A732D1-2B58-4FEE-9696-B9483496229F} = {CA6AB459-A31A-4C15-B1A6-A82C349B54B4}
		{0DC7F5A2-E963-4E7F-BD37-6F7864B726F2} = {81B3B5D1-70F6-4979-AC76-003F9A6B316B}
		{17BDD0A5-98E5-464A-8A00-050D9FF4C562} = {E6026D6A-01C5-4582-B2C1-64751490DABE}
		{7DB87633-9CAB-4AE4-9ED0-AA6E77448486} = {E6026D6A-01C5-4582-B2C1-64751490DABE}
		{3E571C7C-59B5-485C-AC78-3F34D3511CD2} = {E6026D6A-01C5-4582-B2C1-64751490DABE}
		{05D61B37-9714-4234-9961-384A63F7175E} = {E6026D6A-01C5-4582-B2C1-64751490DABE}
		{E1AC9797-ABE3-4881-A51B-37D8687AAE35} = {E6026D6A-01C5-4582-B2C1-64751490DABE}
		{10FD4868-BB16-442B-B0AC-18AE278D9C60} = {E6026D6A-01C5-4582-B2C1-64751490DABE}
		{2D5F23F7-3184-43EC-A7F1-C924F7FEF786} = {E6026D6A-01C5-4582-B2C1-64751490DABE}
		{9531E3D2-217B-4446-98E8-E48F0FDD1452} = {28800357-C8CE-4CD0-A2AD-D4A910ABB496}
		{F947BC6A-2943-4AC7-ACA7-F17351E25FE7} = {9531E3D2-217B-4446-98E8-E48F0FDD1452}
		{C9391533-1F31-47F6-BE08-9642C95401A8} = {E6026D6A-01C5-4582-B2C1-64751490DABE}
	EndGlobalSection
	GlobalSection(ExtensibilityGlobals) = postSolution
		SolutionGuid = {A0750637-2CCB-4139-B25E-F2CE740DCFAC}
	EndGlobalSection
	GlobalSection(Performance) = preSolution
		HasPerformanceSessions = true
	EndGlobalSection
	GlobalSection(Performance) = preSolution
		HasPerformanceSessions = true
	EndGlobalSection
	GlobalSection(Performance) = preSolution
		HasPerformanceSessions = true
	EndGlobalSection
	GlobalSection(Performance) = preSolution
		HasPerformanceSessions = true
	EndGlobalSection
	GlobalSection(Performance) = preSolution
		HasPerformanceSessions = true
	EndGlobalSection
	GlobalSection(Performance) = preSolution
		HasPerformanceSessions = true
	EndGlobalSection
	GlobalSection(Performance) = preSolution
		HasPerformanceSessions = true
	EndGlobalSection
	GlobalSection(Performance) = preSolution
		HasPerformanceSessions = true
	EndGlobalSection
	GlobalSection(Performance) = preSolution
		HasPerformanceSessions = true
	EndGlobalSection
	GlobalSection(Performance) = preSolution
		HasPerformanceSessions = true
	EndGlobalSection
EndGlobal
