
Microsoft Visual Studio Solution File, Format Version 12.00
# Visual Studio Version 16
VisualStudioVersion = 16.0.30503.244
MinimumVisualStudioVersion = 10.0.40219.1
Project("{2150E333-8FDC-42A3-9474-1A3956D46DE8}") = "samples", "samples", "{1065AE7E-DEA5-4E21-AE39-95B93C074B17}"
EndProject
Project("{2150E333-8FDC-42A3-9474-1A3956D46DE8}") = "src", "src", "{6B8D1038-C9D5-4111-B5CE-BF64E7D12AE1}"
	ProjectSection(SolutionItems) = preProject
		FASTER.client.nuspec = FASTER.client.nuspec
		FASTER.server.nuspec = FASTER.server.nuspec
	EndProjectSection
EndProject
Project("{2150E333-8FDC-42A3-9474-1A3956D46DE8}") = "benchmark", "benchmark", "{49D31F4D-6C21-4E1A-8079-FC5259E1C12F}"
EndProject
Project("{9A19103F-16F7-4668-BE54-9A1E7A4F7556}") = "FASTER.client", "src\FASTER.client\FASTER.client.csproj", "{86F3D7C4-97E9-4ADF-9004-782E748B4F02}"
EndProject
Project("{9A19103F-16F7-4668-BE54-9A1E7A4F7556}") = "FASTER.common", "src\FASTER.common\FASTER.common.csproj", "{EA171421-6D86-46AA-BEC2-D6046E9276AA}"
EndProject
Project("{9A19103F-16F7-4668-BE54-9A1E7A4F7556}") = "FASTER.server", "src\FASTER.server\FASTER.server.csproj", "{3290C638-2149-4814-933D-C5F0708691B6}"
EndProject
Project("{9A19103F-16F7-4668-BE54-9A1E7A4F7556}") = "FASTER.benchmark", "benchmark\FASTER.benchmark\FASTER.benchmark.csproj", "{CB393EBA-C92D-4AE5-9ED8-5A9DA2358D89}"
EndProject
Project("{9A19103F-16F7-4668-BE54-9A1E7A4F7556}") = "VarLenServer", "samples\VarLenServer\VarLenServer.csproj", "{7425E9B2-3AA9-4883-8B80-CDDFE9BBF00D}"
EndProject
Project("{9A19103F-16F7-4668-BE54-9A1E7A4F7556}") = "VarLenClient", "samples\VarLenClient\VarLenClient.csproj", "{E29CE6C5-A295-4279-BA0A-BFA693B4EF07}"
EndProject
Project("{9A19103F-16F7-4668-BE54-9A1E7A4F7556}") = "FixedLenClient", "samples\FixedLenClient\FixedLenClient.csproj", "{0C52406C-09B3-47B9-BF85-B6490926DB73}"
EndProject
Project("{9A19103F-16F7-4668-BE54-9A1E7A4F7556}") = "FixedLenServer", "samples\FixedLenServer\FixedLenServer.csproj", "{4053EC35-77A5-4728-B16F-F4FDD1104CAF}"
EndProject
Project("{9A19103F-16F7-4668-BE54-9A1E7A4F7556}") = "FASTER.core", "..\src\core\FASTER.core.csproj", "{6A49ADD2-DC25-47E1-9D29-5DC6380E880A}"
EndProject
Project("{9A19103F-16F7-4668-BE54-9A1E7A4F7556}") = "RespClient", "samples\RespClient\RespClient.csproj", "{E9ABF9CE-443B-4D36-82D0-D46DCB96D7E2}"
EndProject
Project("{2150E333-8FDC-42A3-9474-1A3956D46DE8}") = "test", "test", "{8CF11B91-A6B6-4B81-AD43-2B07CF60F8FF}"
EndProject
Project("{FAE04EC0-301F-11D3-BF4B-00C04F79EFBC}") = "FASTER.remote.test", "test\FASTER.remote.test\FASTER.remote.test.csproj", "{2238A430-8D61-40A3-A23B-B1163A4CCBC6}"
EndProject
Global
	GlobalSection(SolutionConfigurationPlatforms) = preSolution
		Debug|Any CPU = Debug|Any CPU
		Debug|x64 = Debug|x64
		Release|Any CPU = Release|Any CPU
		Release|x64 = Release|x64
	EndGlobalSection
	GlobalSection(ProjectConfigurationPlatforms) = postSolution
		{86F3D7C4-97E9-4ADF-9004-782E748B4F02}.Debug|Any CPU.ActiveCfg = Debug|Any CPU
		{86F3D7C4-97E9-4ADF-9004-782E748B4F02}.Debug|Any CPU.Build.0 = Debug|Any CPU
		{86F3D7C4-97E9-4ADF-9004-782E748B4F02}.Debug|x64.ActiveCfg = Debug|Any CPU
		{86F3D7C4-97E9-4ADF-9004-782E748B4F02}.Debug|x64.Build.0 = Debug|Any CPU
		{86F3D7C4-97E9-4ADF-9004-782E748B4F02}.Release|Any CPU.ActiveCfg = Release|Any CPU
		{86F3D7C4-97E9-4ADF-9004-782E748B4F02}.Release|Any CPU.Build.0 = Release|Any CPU
		{86F3D7C4-97E9-4ADF-9004-782E748B4F02}.Release|x64.ActiveCfg = Release|Any CPU
		{86F3D7C4-97E9-4ADF-9004-782E748B4F02}.Release|x64.Build.0 = Release|Any CPU
		{EA171421-6D86-46AA-BEC2-D6046E9276AA}.Debug|Any CPU.ActiveCfg = Debug|Any CPU
		{EA171421-6D86-46AA-BEC2-D6046E9276AA}.Debug|Any CPU.Build.0 = Debug|Any CPU
		{EA171421-6D86-46AA-BEC2-D6046E9276AA}.Debug|x64.ActiveCfg = Debug|Any CPU
		{EA171421-6D86-46AA-BEC2-D6046E9276AA}.Debug|x64.Build.0 = Debug|Any CPU
		{EA171421-6D86-46AA-BEC2-D6046E9276AA}.Release|Any CPU.ActiveCfg = Release|Any CPU
		{EA171421-6D86-46AA-BEC2-D6046E9276AA}.Release|Any CPU.Build.0 = Release|Any CPU
		{EA171421-6D86-46AA-BEC2-D6046E9276AA}.Release|x64.ActiveCfg = Release|Any CPU
		{EA171421-6D86-46AA-BEC2-D6046E9276AA}.Release|x64.Build.0 = Release|Any CPU
		{3290C638-2149-4814-933D-C5F0708691B6}.Debug|Any CPU.ActiveCfg = Debug|Any CPU
		{3290C638-2149-4814-933D-C5F0708691B6}.Debug|Any CPU.Build.0 = Debug|Any CPU
		{3290C638-2149-4814-933D-C5F0708691B6}.Debug|x64.ActiveCfg = Debug|Any CPU
		{3290C638-2149-4814-933D-C5F0708691B6}.Debug|x64.Build.0 = Debug|Any CPU
		{3290C638-2149-4814-933D-C5F0708691B6}.Release|Any CPU.ActiveCfg = Release|Any CPU
		{3290C638-2149-4814-933D-C5F0708691B6}.Release|Any CPU.Build.0 = Release|Any CPU
		{3290C638-2149-4814-933D-C5F0708691B6}.Release|x64.ActiveCfg = Release|Any CPU
		{3290C638-2149-4814-933D-C5F0708691B6}.Release|x64.Build.0 = Release|Any CPU
		{CB393EBA-C92D-4AE5-9ED8-5A9DA2358D89}.Debug|Any CPU.ActiveCfg = Debug|Any CPU
		{CB393EBA-C92D-4AE5-9ED8-5A9DA2358D89}.Debug|Any CPU.Build.0 = Debug|Any CPU
		{CB393EBA-C92D-4AE5-9ED8-5A9DA2358D89}.Debug|x64.ActiveCfg = Debug|x64
		{CB393EBA-C92D-4AE5-9ED8-5A9DA2358D89}.Debug|x64.Build.0 = Debug|x64
		{CB393EBA-C92D-4AE5-9ED8-5A9DA2358D89}.Release|Any CPU.ActiveCfg = Release|Any CPU
		{CB393EBA-C92D-4AE5-9ED8-5A9DA2358D89}.Release|Any CPU.Build.0 = Release|Any CPU
		{CB393EBA-C92D-4AE5-9ED8-5A9DA2358D89}.Release|x64.ActiveCfg = Release|x64
		{CB393EBA-C92D-4AE5-9ED8-5A9DA2358D89}.Release|x64.Build.0 = Release|x64
		{7425E9B2-3AA9-4883-8B80-CDDFE9BBF00D}.Debug|Any CPU.ActiveCfg = Debug|Any CPU
		{7425E9B2-3AA9-4883-8B80-CDDFE9BBF00D}.Debug|Any CPU.Build.0 = Debug|Any CPU
		{7425E9B2-3AA9-4883-8B80-CDDFE9BBF00D}.Debug|x64.ActiveCfg = Debug|x64
		{7425E9B2-3AA9-4883-8B80-CDDFE9BBF00D}.Debug|x64.Build.0 = Debug|x64
		{7425E9B2-3AA9-4883-8B80-CDDFE9BBF00D}.Release|Any CPU.ActiveCfg = Release|Any CPU
		{7425E9B2-3AA9-4883-8B80-CDDFE9BBF00D}.Release|Any CPU.Build.0 = Release|Any CPU
		{7425E9B2-3AA9-4883-8B80-CDDFE9BBF00D}.Release|x64.ActiveCfg = Release|x64
		{7425E9B2-3AA9-4883-8B80-CDDFE9BBF00D}.Release|x64.Build.0 = Release|x64
		{E29CE6C5-A295-4279-BA0A-BFA693B4EF07}.Debug|Any CPU.ActiveCfg = Debug|Any CPU
		{E29CE6C5-A295-4279-BA0A-BFA693B4EF07}.Debug|Any CPU.Build.0 = Debug|Any CPU
		{E29CE6C5-A295-4279-BA0A-BFA693B4EF07}.Debug|x64.ActiveCfg = Debug|x64
		{E29CE6C5-A295-4279-BA0A-BFA693B4EF07}.Debug|x64.Build.0 = Debug|x64
		{E29CE6C5-A295-4279-BA0A-BFA693B4EF07}.Release|Any CPU.ActiveCfg = Release|Any CPU
		{E29CE6C5-A295-4279-BA0A-BFA693B4EF07}.Release|Any CPU.Build.0 = Release|Any CPU
		{E29CE6C5-A295-4279-BA0A-BFA693B4EF07}.Release|x64.ActiveCfg = Release|x64
		{E29CE6C5-A295-4279-BA0A-BFA693B4EF07}.Release|x64.Build.0 = Release|x64
		{0C52406C-09B3-47B9-BF85-B6490926DB73}.Debug|Any CPU.ActiveCfg = Debug|Any CPU
		{0C52406C-09B3-47B9-BF85-B6490926DB73}.Debug|Any CPU.Build.0 = Debug|Any CPU
		{0C52406C-09B3-47B9-BF85-B6490926DB73}.Debug|x64.ActiveCfg = Debug|x64
		{0C52406C-09B3-47B9-BF85-B6490926DB73}.Debug|x64.Build.0 = Debug|x64
		{0C52406C-09B3-47B9-BF85-B6490926DB73}.Release|Any CPU.ActiveCfg = Release|Any CPU
		{0C52406C-09B3-47B9-BF85-B6490926DB73}.Release|Any CPU.Build.0 = Release|Any CPU
		{0C52406C-09B3-47B9-BF85-B6490926DB73}.Release|x64.ActiveCfg = Release|x64
		{0C52406C-09B3-47B9-BF85-B6490926DB73}.Release|x64.Build.0 = Release|x64
		{4053EC35-77A5-4728-B16F-F4FDD1104CAF}.Debug|Any CPU.ActiveCfg = Debug|Any CPU
		{4053EC35-77A5-4728-B16F-F4FDD1104CAF}.Debug|Any CPU.Build.0 = Debug|Any CPU
		{4053EC35-77A5-4728-B16F-F4FDD1104CAF}.Debug|x64.ActiveCfg = Debug|x64
		{4053EC35-77A5-4728-B16F-F4FDD1104CAF}.Debug|x64.Build.0 = Debug|x64
		{4053EC35-77A5-4728-B16F-F4FDD1104CAF}.Release|Any CPU.ActiveCfg = Release|Any CPU
		{4053EC35-77A5-4728-B16F-F4FDD1104CAF}.Release|Any CPU.Build.0 = Release|Any CPU
		{4053EC35-77A5-4728-B16F-F4FDD1104CAF}.Release|x64.ActiveCfg = Release|x64
		{4053EC35-77A5-4728-B16F-F4FDD1104CAF}.Release|x64.Build.0 = Release|x64
		{6A49ADD2-DC25-47E1-9D29-5DC6380E880A}.Debug|Any CPU.ActiveCfg = Debug|Any CPU
		{6A49ADD2-DC25-47E1-9D29-5DC6380E880A}.Debug|Any CPU.Build.0 = Debug|Any CPU
		{6A49ADD2-DC25-47E1-9D29-5DC6380E880A}.Debug|x64.ActiveCfg = Debug|x64
		{6A49ADD2-DC25-47E1-9D29-5DC6380E880A}.Debug|x64.Build.0 = Debug|x64
		{6A49ADD2-DC25-47E1-9D29-5DC6380E880A}.Release|Any CPU.ActiveCfg = Release|Any CPU
		{6A49ADD2-DC25-47E1-9D29-5DC6380E880A}.Release|Any CPU.Build.0 = Release|Any CPU
		{6A49ADD2-DC25-47E1-9D29-5DC6380E880A}.Release|x64.ActiveCfg = Release|x64
		{6A49ADD2-DC25-47E1-9D29-5DC6380E880A}.Release|x64.Build.0 = Release|x64
		{E9ABF9CE-443B-4D36-82D0-D46DCB96D7E2}.Debug|Any CPU.ActiveCfg = Debug|Any CPU
		{E9ABF9CE-443B-4D36-82D0-D46DCB96D7E2}.Debug|Any CPU.Build.0 = Debug|Any CPU
		{E9ABF9CE-443B-4D36-82D0-D46DCB96D7E2}.Debug|x64.ActiveCfg = Debug|x64
		{E9ABF9CE-443B-4D36-82D0-D46DCB96D7E2}.Debug|x64.Build.0 = Debug|x64
		{E9ABF9CE-443B-4D36-82D0-D46DCB96D7E2}.Release|Any CPU.ActiveCfg = Release|Any CPU
		{E9ABF9CE-443B-4D36-82D0-D46DCB96D7E2}.Release|Any CPU.Build.0 = Release|Any CPU
		{E9ABF9CE-443B-4D36-82D0-D46DCB96D7E2}.Release|x64.ActiveCfg = Release|x64
		{E9ABF9CE-443B-4D36-82D0-D46DCB96D7E2}.Release|x64.Build.0 = Release|x64
		{2238A430-8D61-40A3-A23B-B1163A4CCBC6}.Debug|Any CPU.ActiveCfg = Debug|Any CPU
		{2238A430-8D61-40A3-A23B-B1163A4CCBC6}.Debug|Any CPU.Build.0 = Debug|Any CPU
		{2238A430-8D61-40A3-A23B-B1163A4CCBC6}.Debug|x64.ActiveCfg = Debug|Any CPU
		{2238A430-8D61-40A3-A23B-B1163A4CCBC6}.Debug|x64.Build.0 = Debug|Any CPU
		{2238A430-8D61-40A3-A23B-B1163A4CCBC6}.Release|Any CPU.ActiveCfg = Release|Any CPU
		{2238A430-8D61-40A3-A23B-B1163A4CCBC6}.Release|Any CPU.Build.0 = Release|Any CPU
		{2238A430-8D61-40A3-A23B-B1163A4CCBC6}.Release|x64.ActiveCfg = Release|Any CPU
		{2238A430-8D61-40A3-A23B-B1163A4CCBC6}.Release|x64.Build.0 = Release|Any CPU
	EndGlobalSection
	GlobalSection(SolutionProperties) = preSolution
		HideSolutionNode = FALSE
	EndGlobalSection
	GlobalSection(NestedProjects) = preSolution
		{86F3D7C4-97E9-4ADF-9004-782E748B4F02} = {6B8D1038-C9D5-4111-B5CE-BF64E7D12AE1}
		{EA171421-6D86-46AA-BEC2-D6046E9276AA} = {6B8D1038-C9D5-4111-B5CE-BF64E7D12AE1}
		{3290C638-2149-4814-933D-C5F0708691B6} = {6B8D1038-C9D5-4111-B5CE-BF64E7D12AE1}
		{CB393EBA-C92D-4AE5-9ED8-5A9DA2358D89} = {49D31F4D-6C21-4E1A-8079-FC5259E1C12F}
		{7425E9B2-3AA9-4883-8B80-CDDFE9BBF00D} = {1065AE7E-DEA5-4E21-AE39-95B93C074B17}
		{E29CE6C5-A295-4279-BA0A-BFA693B4EF07} = {1065AE7E-DEA5-4E21-AE39-95B93C074B17}
		{0C52406C-09B3-47B9-BF85-B6490926DB73} = {1065AE7E-DEA5-4E21-AE39-95B93C074B17}
		{4053EC35-77A5-4728-B16F-F4FDD1104CAF} = {1065AE7E-DEA5-4E21-AE39-95B93C074B17}
		{6A49ADD2-DC25-47E1-9D29-5DC6380E880A} = {6B8D1038-C9D5-4111-B5CE-BF64E7D12AE1}
		{E9ABF9CE-443B-4D36-82D0-D46DCB96D7E2} = {1065AE7E-DEA5-4E21-AE39-95B93C074B17}
		{2238A430-8D61-40A3-A23B-B1163A4CCBC6} = {8CF11B91-A6B6-4B81-AD43-2B07CF60F8FF}
	EndGlobalSection
	GlobalSection(ExtensibilityGlobals) = postSolution
		SolutionGuid = {FB603D60-F72D-4DAD-9349-442A45E20276}
	EndGlobalSection
EndGlobal
